// !$*UTF8*$!
{
	archiveVersion = 1;
	classes = {
	};
	objectVersion = 46;
	objects = {

/* Begin PBXBuildFile section */
		BC79C7DB1D76FD0900F4D39D /* main.m in Sources */ = {isa = PBXBuildFile; fileRef = BC79C7DA1D76FD0900F4D39D /* main.m */; };
		BC79C7DE1D76FD0900F4D39D /* AppDelegate.m in Sources */ = {isa = PBXBuildFile; fileRef = BC79C7DD1D76FD0900F4D39D /* AppDelegate.m */; };
		BC79C7E11D76FD0900F4D39D /* ViewController.m in Sources */ = {isa = PBXBuildFile; fileRef = BC79C7E01D76FD0900F4D39D /* ViewController.m */; };
		BC79C7E41D76FD0900F4D39D /* Main.storyboard in Resources */ = {isa = PBXBuildFile; fileRef = BC79C7E21D76FD0900F4D39D /* Main.storyboard */; };
		BC79C7E61D76FD0900F4D39D /* Assets.xcassets in Resources */ = {isa = PBXBuildFile; fileRef = BC79C7E51D76FD0900F4D39D /* Assets.xcassets */; };
		BC79C7E91D76FD0900F4D39D /* LaunchScreen.storyboard in Resources */ = {isa = PBXBuildFile; fileRef = BC79C7E71D76FD0900F4D39D /* LaunchScreen.storyboard */; };
		D1528F55A0A1FD6CE991AAC4 /* libPods-BaiSiBuDeJie.a in Frameworks */ = {isa = PBXBuildFile; fileRef = 5B18C11CC21A11AD31BEF270 /* libPods-BaiSiBuDeJie.a */; };
/* End PBXBuildFile section */

/* Begin PBXFileReference section */
		5B18C11CC21A11AD31BEF270 /* libPods-BaiSiBuDeJie.a */ = {isa = PBXFileReference; explicitFileType = archive.ar; includeInIndex = 0; path = "libPods-BaiSiBuDeJie.a"; sourceTree = BUILT_PRODUCTS_DIR; };
		BC79C7D61D76FD0900F4D39D /* BaiSiBuDeJie.app */ = {isa = PBXFileReference; explicitFileType = wrapper.application; includeInIndex = 0; path = BaiSiBuDeJie.app; sourceTree = BUILT_PRODUCTS_DIR; };
		BC79C7DA1D76FD0900F4D39D /* main.m */ = {isa = PBXFileReference; lastKnownFileType = sourcecode.c.objc; path = main.m; sourceTree = "<group>"; };
		BC79C7DC1D76FD0900F4D39D /* AppDelegate.h */ = {isa = PBXFileReference; lastKnownFileType = sourcecode.c.h; path = AppDelegate.h; sourceTree = "<group>"; };
		BC79C7DD1D76FD0900F4D39D /* AppDelegate.m */ = {isa = PBXFileReference; lastKnownFileType = sourcecode.c.objc; path = AppDelegate.m; sourceTree = "<group>"; };
		BC79C7DF1D76FD0900F4D39D /* ViewController.h */ = {isa = PBXFileReference; lastKnownFileType = sourcecode.c.h; path = ViewController.h; sourceTree = "<group>"; };
		BC79C7E01D76FD0900F4D39D /* ViewController.m */ = {isa = PBXFileReference; lastKnownFileType = sourcecode.c.objc; path = ViewController.m; sourceTree = "<group>"; };
		BC79C7E31D76FD0900F4D39D /* Base */ = {isa = PBXFileReference; lastKnownFileType = file.storyboard; name = Base; path = Base.lproj/Main.storyboard; sourceTree = "<group>"; };
		BC79C7E51D76FD0900F4D39D /* Assets.xcassets */ = {isa = PBXFileReference; lastKnownFileType = folder.assetcatalog; path = Assets.xcassets; sourceTree = "<group>"; };
		BC79C7E81D76FD0900F4D39D /* Base */ = {isa = PBXFileReference; lastKnownFileType = file.storyboard; name = Base; path = Base.lproj/LaunchScreen.storyboard; sourceTree = "<group>"; };
		BC79C7EA1D76FD0900F4D39D /* Info.plist */ = {isa = PBXFileReference; lastKnownFileType = text.plist.xml; path = Info.plist; sourceTree = "<group>"; };
		DEA3B320325082A9A2889FDD /* Pods-BaiSiBuDeJie.debug.xcconfig */ = {isa = PBXFileReference; includeInIndex = 1; lastKnownFileType = text.xcconfig; name = "Pods-BaiSiBuDeJie.debug.xcconfig"; path = "Pods/Target Support Files/Pods-BaiSiBuDeJie/Pods-BaiSiBuDeJie.debug.xcconfig"; sourceTree = "<group>"; };
		FAE23922C51BAB5CA5379938 /* Pods-BaiSiBuDeJie.release.xcconfig */ = {isa = PBXFileReference; includeInIndex = 1; lastKnownFileType = text.xcconfig; name = "Pods-BaiSiBuDeJie.release.xcconfig"; path = "Pods/Target Support Files/Pods-BaiSiBuDeJie/Pods-BaiSiBuDeJie.release.xcconfig"; sourceTree = "<group>"; };
/* End PBXFileReference section */

/* Begin PBXFrameworksBuildPhase section */
		BC79C7D31D76FD0900F4D39D /* Frameworks */ = {
			isa = PBXFrameworksBuildPhase;
			buildActionMask = 2147483647;
			files = (
				D1528F55A0A1FD6CE991AAC4 /* libPods-BaiSiBuDeJie.a in Frameworks */,
			);
			runOnlyForDeploymentPostprocessing = 0;
		};
/* End PBXFrameworksBuildPhase section */

/* Begin PBXGroup section */
		1AAA6F8266E9ADD38ED5D2AB /* Pods */ = {
			isa = PBXGroup;
			children = (
				DEA3B320325082A9A2889FDD /* Pods-BaiSiBuDeJie.debug.xcconfig */,
				FAE23922C51BAB5CA5379938 /* Pods-BaiSiBuDeJie.release.xcconfig */,
			);
			name = Pods;
			sourceTree = "<group>";
		};
		9DBD5C541830E58599FE3B68 /* Frameworks */ = {
			isa = PBXGroup;
			children = (
				5B18C11CC21A11AD31BEF270 /* libPods-BaiSiBuDeJie.a */,
			);
			name = Frameworks;
			sourceTree = "<group>";
		};
		BC79C7CD1D76FD0900F4D39D = {
			isa = PBXGroup;
			children = (
				BC79C7D81D76FD0900F4D39D /* BaiSiBuDeJie */,
				BC79C7D71D76FD0900F4D39D /* Products */,
				1AAA6F8266E9ADD38ED5D2AB /* Pods */,
				9DBD5C541830E58599FE3B68 /* Frameworks */,
			);
			sourceTree = "<group>";
		};
		BC79C7D71D76FD0900F4D39D /* Products */ = {
			isa = PBXGroup;
			children = (
				BC79C7D61D76FD0900F4D39D /* BaiSiBuDeJie.app */,
			);
			name = Products;
			sourceTree = "<group>";
		};
		BC79C7D81D76FD0900F4D39D /* BaiSiBuDeJie */ = {
			isa = PBXGroup;
			children = (
				BC79C7DC1D76FD0900F4D39D /* AppDelegate.h */,
				BC79C7DD1D76FD0900F4D39D /* AppDelegate.m */,
				BC79C7DF1D76FD0900F4D39D /* ViewController.h */,
				BC79C7E01D76FD0900F4D39D /* ViewController.m */,
				BC79C7E21D76FD0900F4D39D /* Main.storyboard */,
				BC79C7E51D76FD0900F4D39D /* Assets.xcassets */,
				BC79C7E71D76FD0900F4D39D /* LaunchScreen.storyboard */,
				BC79C7EA1D76FD0900F4D39D /* Info.plist */,
				BC79C7D91D76FD0900F4D39D /* Supporting Files */,
			);
			path = BaiSiBuDeJie;
			sourceTree = "<group>";
		};
		BC79C7D91D76FD0900F4D39D /* Supporting Files */ = {
			isa = PBXGroup;
			children = (
				BC79C7DA1D76FD0900F4D39D /* main.m */,
			);
			name = "Supporting Files";
			sourceTree = "<group>";
		};
/* End PBXGroup section */

/* Begin PBXNativeTarget section */
		BC79C7D51D76FD0900F4D39D /* BaiSiBuDeJie */ = {
			isa = PBXNativeTarget;
			buildConfigurationList = BC79C7ED1D76FD0900F4D39D /* Build configuration list for PBXNativeTarget "BaiSiBuDeJie" */;
			buildPhases = (
				043A821D648E059F4FDDE8BA /* [CP] Check Pods Manifest.lock */,
				BC79C7D21D76FD0900F4D39D /* Sources */,
				BC79C7D31D76FD0900F4D39D /* Frameworks */,
				BC79C7D41D76FD0900F4D39D /* Resources */,
				D4ED590F802573A917884497 /* [CP] Embed Pods Frameworks */,
				FD9C6051D2FBD0271F5D44D3 /* [CP] Copy Pods Resources */,
			);
			buildRules = (
			);
			dependencies = (
			);
			name = BaiSiBuDeJie;
			productName = BaiSiBuDeJie;
			productReference = BC79C7D61D76FD0900F4D39D /* BaiSiBuDeJie.app */;
			productType = "com.apple.product-type.application";
		};
/* End PBXNativeTarget section */

/* Begin PBXProject section */
		BC79C7CE1D76FD0900F4D39D /* Project object */ = {
			isa = PBXProject;
			attributes = {
				LastUpgradeCheck = 0730;
				ORGANIZATIONNAME = "张增强";
				TargetAttributes = {
					BC79C7D51D76FD0900F4D39D = {
						CreatedOnToolsVersion = 7.3;
					};
				};
			};
			buildConfigurationList = BC79C7D11D76FD0900F4D39D /* Build configuration list for PBXProject "BaiSiBuDeJie" */;
			compatibilityVersion = "Xcode 3.2";
			developmentRegion = English;
			hasScannedForEncodings = 0;
			knownRegions = (
				en,
				Base,
			);
			mainGroup = BC79C7CD1D76FD0900F4D39D;
			productRefGroup = BC79C7D71D76FD0900F4D39D /* Products */;
			projectDirPath = "";
			projectRoot = "";
			targets = (
				BC79C7D51D76FD0900F4D39D /* BaiSiBuDeJie */,
			);
		};
/* End PBXProject section */

/* Begin PBXResourcesBuildPhase section */
		BC79C7D41D76FD0900F4D39D /* Resources */ = {
			isa = PBXResourcesBuildPhase;
			buildActionMask = 2147483647;
			files = (
				BC79C7E91D76FD0900F4D39D /* LaunchScreen.storyboard in Resources */,
				BC79C7E61D76FD0900F4D39D /* Assets.xcassets in Resources */,
				BC79C7E41D76FD0900F4D39D /* Main.storyboard in Resources */,
			);
			runOnlyForDeploymentPostprocessing = 0;
		};
/* End PBXResourcesBuildPhase section */

/* Begin PBXShellScriptBuildPhase section */
		043A821D648E059F4FDDE8BA /* [CP] Check Pods Manifest.lock */ = {
			isa = PBXShellScriptBuildPhase;
			buildActionMask = 2147483647;
			files = (
			);
			inputPaths = (
			);
			name = "[CP] Check Pods Manifest.lock";
			outputPaths = (
			);
			runOnlyForDeploymentPostprocessing = 0;
			shellPath = /bin/sh;
			shellScript = "diff \"${PODS_ROOT}/../Podfile.lock\" \"${PODS_ROOT}/Manifest.lock\" > /dev/null\nif [ $? != 0 ] ; then\n    # print error to STDERR\n    echo \"error: The sandbox is not in sync with the Podfile.lock. Run 'pod install' or update your CocoaPods installation.\" >&2\n    exit 1\nfi\n";
			showEnvVarsInLog = 0;
		};
		D4ED590F802573A917884497 /* [CP] Embed Pods Frameworks */ = {
			isa = PBXShellScriptBuildPhase;
			buildActionMask = 2147483647;
			files = (
			);
			inputPaths = (
			);
			name = "[CP] Embed Pods Frameworks";
			outputPaths = (
			);
			runOnlyForDeploymentPostprocessing = 0;
			shellPath = /bin/sh;
			shellScript = "\"${SRCROOT}/Pods/Target Support Files/Pods-BaiSiBuDeJie/Pods-BaiSiBuDeJie-frameworks.sh\"\n";
			showEnvVarsInLog = 0;
		};
		FD9C6051D2FBD0271F5D44D3 /* [CP] Copy Pods Resources */ = {
			isa = PBXShellScriptBuildPhase;
			buildActionMask = 2147483647;
			files = (
			);
			inputPaths = (
			);
			name = "[CP] Copy Pods Resources";
			outputPaths = (
			);
			runOnlyForDeploymentPostprocessing = 0;
			shellPath = /bin/sh;
			shellScript = "\"${SRCROOT}/Pods/Target Support Files/Pods-BaiSiBuDeJie/Pods-BaiSiBuDeJie-resources.sh\"\n";
			showEnvVarsInLog = 0;
		};
/* End PBXShellScriptBuildPhase section */

/* Begin PBXSourcesBuildPhase section */
		BC79C7D21D76FD0900F4D39D /* Sources */ = {
			isa = PBXSourcesBuildPhase;
			buildActionMask = 2147483647;
			files = (
				BC79C7E11D76FD0900F4D39D /* ViewController.m in Sources */,
				BC79C7DE1D76FD0900F4D39D /* AppDelegate.m in Sources */,
				BC79C7DB1D76FD0900F4D39D /* main.m in Sources */,
			);
			runOnlyForDeploymentPostprocessing = 0;
		};
/* End PBXSourcesBuildPhase section */

/* Begin PBXVariantGroup section */
		BC79C7E21D76FD0900F4D39D /* Main.storyboard */ = {
			isa = PBXVariantGroup;
			children = (
				BC79C7E31D76FD0900F4D39D /* Base */,
			);
			name = Main.storyboard;
			sourceTree = "<group>";
		};
		BC79C7E71D76FD0900F4D39D /* LaunchScreen.storyboard */ = {
			isa = PBXVariantGroup;
			children = (
				BC79C7E81D76FD0900F4D39D /* Base */,
			);
			name = LaunchScreen.storyboard;
			sourceTree = "<group>";
		};
/* End PBXVariantGroup section */

/* Begin XCBuildConfiguration section */
		BC79C7EB1D76FD0900F4D39D /* Debug */ = {
			isa = XCBuildConfiguration;
			buildSettings = {
				ALWAYS_SEARCH_USER_PATHS = NO;
				CLANG_ANALYZER_NONNULL = YES;
				CLANG_CXX_LANGUAGE_STANDARD = "gnu++0x";
				CLANG_CXX_LIBRARY = "libc++";
				CLANG_ENABLE_MODULES = YES;
				CLANG_ENABLE_OBJC_ARC = YES;
				CLANG_WARN_BOOL_CONVERSION = YES;
				CLANG_WARN_CONSTANT_CONVERSION = YES;
				CLANG_WARN_DIRECT_OBJC_ISA_USAGE = YES_ERROR;
				CLANG_WARN_EMPTY_BODY = YES;
				CLANG_WARN_ENUM_CONVERSION = YES;
				CLANG_WARN_INT_CONVERSION = YES;
				CLANG_WARN_OBJC_ROOT_CLASS = YES_ERROR;
				CLANG_WARN_UNREACHABLE_CODE = YES;
				CLANG_WARN__DUPLICATE_METHOD_MATCH = YES;
				"CODE_SIGN_IDENTITY[sdk=iphoneos*]" = "iPhone Developer";
				COPY_PHASE_STRIP = NO;
				DEBUG_INFORMATION_FORMAT = dwarf;
				ENABLE_STRICT_OBJC_MSGSEND = YES;
				ENABLE_TESTABILITY = YES;
				GCC_C_LANGUAGE_STANDARD = gnu99;
				GCC_DYNAMIC_NO_PIC = NO;
				GCC_NO_COMMON_BLOCKS = YES;
				GCC_OPTIMIZATION_LEVEL = 0;
				GCC_PREPROCESSOR_DEFINITIONS = (
					"DEBUG=1",
					"$(inherited)",
				);
				GCC_WARN_64_TO_32_BIT_CONVERSION = YES;
				GCC_WARN_ABOUT_RETURN_TYPE = YES_ERROR;
				GCC_WARN_UNDECLARED_SELECTOR = YES;
				GCC_WARN_UNINITIALIZED_AUTOS = YES_AGGRESSIVE;
				GCC_WARN_UNUSED_FUNCTION = YES;
				GCC_WARN_UNUSED_VARIABLE = YES;
				IPHONEOS_DEPLOYMENT_TARGET = 9.3;
				MTL_ENABLE_DEBUG_INFO = YES;
				ONLY_ACTIVE_ARCH = YES;
				SDKROOT = iphoneos;
			};
			name = Debug;
		};
		BC79C7EC1D76FD0900F4D39D /* Release */ = {
			isa = XCBuildConfiguration;
			buildSettings = {
				ALWAYS_SEARCH_USER_PATHS = NO;
				CLANG_ANALYZER_NONNULL = YES;
				CLANG_CXX_LANGUAGE_STANDARD = "gnu++0x";
				CLANG_CXX_LIBRARY = "libc++";
				CLANG_ENABLE_MODULES = YES;
				CLANG_ENABLE_OBJC_ARC = YES;
				CLANG_WARN_BOOL_CONVERSION = YES;
				CLANG_WARN_CONSTANT_CONVERSION = YES;
				CLANG_WARN_DIRECT_OBJC_ISA_USAGE = YES_ERROR;
				CLANG_WARN_EMPTY_BODY = YES;
				CLANG_WARN_ENUM_CONVERSION = YES;
				CLANG_WARN_INT_CONVERSION = YES;
				CLANG_WARN_OBJC_ROOT_CLASS = YES_ERROR;
				CLANG_WARN_UNREACHABLE_CODE = YES;
				CLANG_WARN__DUPLICATE_METHOD_MATCH = YES;
				"CODE_SIGN_IDENTITY[sdk=iphoneos*]" = "iPhone Developer";
				COPY_PHASE_STRIP = NO;
				DEBUG_INFORMATION_FORMAT = "dwarf-with-dsym";
				ENABLE_NS_ASSERTIONS = NO;
				ENABLE_STRICT_OBJC_MSGSEND = YES;
				GCC_C_LANGUAGE_STANDARD = gnu99;
				GCC_NO_COMMON_BLOCKS = YES;
				GCC_WARN_64_TO_32_BIT_CONVERSION = YES;
				GCC_WARN_ABOUT_RETURN_TYPE = YES_ERROR;
				GCC_WARN_UNDECLARED_SELECTOR = YES;
				GCC_WARN_UNINITIALIZED_AUTOS = YES_AGGRESSIVE;
				GCC_WARN_UNUSED_FUNCTION = YES;
				GCC_WARN_UNUSED_VARIABLE = YES;
				IPHONEOS_DEPLOYMENT_TARGET = 9.3;
				MTL_ENABLE_DEBUG_INFO = NO;
				SDKROOT = iphoneos;
				VALIDATE_PRODUCT = YES;
			};
			name = Release;
		};
		BC79C7EE1D76FD0900F4D39D /* Debug */ = {
			isa = XCBuildConfiguration;
			baseConfigurationReference = DEA3B320325082A9A2889FDD /* Pods-BaiSiBuDeJie.debug.xcconfig */;
			buildSettings = {
				ASSETCATALOG_COMPILER_APPICON_NAME = AppIcon;
				INFOPLIST_FILE = BaiSiBuDeJie/Info.plist;
				LD_RUNPATH_SEARCH_PATHS = "$(inherited) @executable_path/Frameworks";
				PRODUCT_BUNDLE_IDENTIFIER = com.ben.BaiSiBuDeJie;
				PRODUCT_NAME = "$(TARGET_NAME)";
			};
			name = Debug;
		};
		BC79C7EF1D76FD0900F4D39D /* Release */ = {
			isa = XCBuildConfiguration;
			baseConfigurationReference = FAE23922C51BAB5CA5379938 /* Pods-BaiSiBuDeJie.release.xcconfig */;
			buildSettings = {
				ASSETCATALOG_COMPILER_APPICON_NAME = AppIcon;
				INFOPLIST_FILE = BaiSiBuDeJie/Info.plist;
				LD_RUNPATH_SEARCH_PATHS = "$(inherited) @executable_path/Frameworks";
				PRODUCT_BUNDLE_IDENTIFIER = com.ben.BaiSiBuDeJie;
				PRODUCT_NAME = "$(TARGET_NAME)";
			};
			name = Release;
		};
/* End XCBuildConfiguration section */

/* Begin XCConfigurationList section */
		BC79C7D11D76FD0900F4D39D /* Build configuration list for PBXProject "BaiSiBuDeJie" */ = {
			isa = XCConfigurationList;
			buildConfigurations = (
				BC79C7EB1D76FD0900F4D39D /* Debug */,
				BC79C7EC1D76FD0900F4D39D /* Release */,
			);
			defaultConfigurationIsVisible = 0;
			defaultConfigurationName = Release;
		};
		BC79C7ED1D76FD0900F4D39D /* Build configuration list for PBXNativeTarget "BaiSiBuDeJie" */ = {
			isa = XCConfigurationList;
			buildConfigurations = (
				BC79C7EE1D76FD0900F4D39D /* Debug */,
				BC79C7EF1D76FD0900F4D39D /* Release */,
			);
			defaultConfigurationIsVisible = 0;
			defaultConfigurationName = Release;
		};
/* End XCConfigurationList section */
	};
	rootObject = BC79C7CE1D76FD0900F4D39D /* Project object */;
}
